
Microsoft Visual Studio Solution File, Format Version 12.00
# Visual Studio 15
VisualStudioVersion = 15.0.28307.902
MinimumVisualStudioVersion = 10.0.40219.1
Project("{FAE04EC0-301F-11D3-BF4B-00C04F79EFBC}") = "ConsumingWebApi", "ConsumingWebApi\ConsumingWebApi.csproj", "{580ADA76-C6F2-46A3-BC6B-2D025AF76F0D}"
EndProject
Global
	GlobalSection(SolutionConfigurationPlatforms) = preSolution
		Debug|Any CPU = Debug|Any CPU
		Release|Any CPU = Release|Any CPU
	EndGlobalSection
	GlobalSection(ProjectConfigurationPlatforms) = postSolution
		{580ADA76-C6F2-46A3-BC6B-2D025AF76F0D}.Debug|Any CPU.ActiveCfg = Debug|Any CPU
		{580ADA76-C6F2-46A3-BC6B-2D025AF76F0D}.Debug|Any CPU.Build.0 = Debug|Any CPU
		{580ADA76-C6F2-46A3-BC6B-2D025AF76F0D}.Release|Any CPU.ActiveCfg = Release|Any CPU
		{580ADA76-C6F2-46A3-BC6B-2D025AF76F0D}.Release|Any CPU.Build.0 = Release|Any CPU
	EndGlobalSection
	GlobalSection(SolutionProperties) = preSolution
		HideSolutionNode = FALSE
	EndGlobalSection
	GlobalSection(ExtensibilityGlobals) = postSolution
		SolutionGuid = {CD8B95C4-D13E-4B73-953D-CC914BBB5951}
	EndGlobalSection
EndGlobal
